// !$*UTF8*$!
{
	archiveVersion = 1;
	classes = {
	};
	objectVersion = 50;
	objects = {

/* Begin PBXBuildFile section */
		001AF060810002E992798A2F /* libPods-WiproExercise.a in Frameworks */ = {isa = PBXBuildFile; fileRef = ED43890D8F9D6240ABA05AC7 /* libPods-WiproExercise.a */; };
		529EAF1620B138D400C709AF /* AppDelegate.m in Sources */ = {isa = PBXBuildFile; fileRef = 529EAF1520B138D400C709AF /* AppDelegate.m */; };
		529EAF1C20B138D400C709AF /* Main.storyboard in Resources */ = {isa = PBXBuildFile; fileRef = 529EAF1A20B138D400C709AF /* Main.storyboard */; };
		529EAF1E20B138D800C709AF /* Assets.xcassets in Resources */ = {isa = PBXBuildFile; fileRef = 529EAF1D20B138D800C709AF /* Assets.xcassets */; };
		529EAF2120B138D800C709AF /* LaunchScreen.storyboard in Resources */ = {isa = PBXBuildFile; fileRef = 529EAF1F20B138D800C709AF /* LaunchScreen.storyboard */; };
		529EAF2420B138D800C709AF /* main.m in Sources */ = {isa = PBXBuildFile; fileRef = 529EAF2320B138D800C709AF /* main.m */; };
		529EAF2E20B138D900C709AF /* WiproExerciseTests.m in Sources */ = {isa = PBXBuildFile; fileRef = 529EAF2D20B138D900C709AF /* WiproExerciseTests.m */; };
		529EAF3920B138D900C709AF /* WiproExerciseUITests.m in Sources */ = {isa = PBXBuildFile; fileRef = 529EAF3820B138D900C709AF /* WiproExerciseUITests.m */; };
		52CCA23720B13F840039AC45 /* Row.m in Sources */ = {isa = PBXBuildFile; fileRef = 52CCA23520B13F840039AC45 /* Row.m */; };
		52CCA23B20B13FC90039AC45 /* ViewController.m in Sources */ = {isa = PBXBuildFile; fileRef = 52CCA23A20B13FC90039AC45 /* ViewController.m */; };
		52E9A20020B141410039E458 /* DataManager.m in Sources */ = {isa = PBXBuildFile; fileRef = 52E9A1FF20B141410039E458 /* DataManager.m */; };
		52E9A20320B1414B0039E458 /* ApiManager.m in Sources */ = {isa = PBXBuildFile; fileRef = 52E9A20220B1414B0039E458 /* ApiManager.m */; };
		52E9A20620B142DB0039E458 /* Feed.m in Sources */ = {isa = PBXBuildFile; fileRef = 52E9A20520B142DB0039E458 /* Feed.m */; };
		52E9A20920B146EC0039E458 /* Error.m in Sources */ = {isa = PBXBuildFile; fileRef = 52E9A20820B146EC0039E458 /* Error.m */; };
		52E9A20C20B14C0E0039E458 /* ApiCall.m in Sources */ = {isa = PBXBuildFile; fileRef = 52E9A20B20B14C0E0039E458 /* ApiCall.m */; };
		52E9A21120B16DB60039E458 /* Constant.m in Sources */ = {isa = PBXBuildFile; fileRef = 52E9A21020B16DB60039E458 /* Constant.m */; };
		52E9A21520B171B20039E458 /* FeedCell.m in Sources */ = {isa = PBXBuildFile; fileRef = 52E9A21420B171B20039E458 /* FeedCell.m */; };
		52E9A21920B19E830039E458 /* FeedView.m in Sources */ = {isa = PBXBuildFile; fileRef = 52E9A21820B19E830039E458 /* FeedView.m */; };
		B50F02E6D284C1DB68F72661 /* libPods-WiproExerciseTests.a in Frameworks */ = {isa = PBXBuildFile; fileRef = 0DDAD046C844477D9E0171BF /* libPods-WiproExerciseTests.a */; };
		DC15E2D6360DD2E722B8D288 /* libPods-WiproExerciseUITests.a in Frameworks */ = {isa = PBXBuildFile; fileRef = 7E53673433A3531A03233016 /* libPods-WiproExerciseUITests.a */; };
/* End PBXBuildFile section */

/* Begin PBXContainerItemProxy section */
		529EAF2A20B138D900C709AF /* PBXContainerItemProxy */ = {
			isa = PBXContainerItemProxy;
			containerPortal = 529EAF0920B138D400C709AF /* Project object */;
			proxyType = 1;
			remoteGlobalIDString = 529EAF1020B138D400C709AF;
			remoteInfo = WiproExercise;
		};
		529EAF3520B138D900C709AF /* PBXContainerItemProxy */ = {
			isa = PBXContainerItemProxy;
			containerPortal = 529EAF0920B138D400C709AF /* Project object */;
			proxyType = 1;
			remoteGlobalIDString = 529EAF1020B138D400C709AF;
			remoteInfo = WiproExercise;
		};
/* End PBXContainerItemProxy section */

/* Begin PBXFileReference section */
		0DDAD046C844477D9E0171BF /* libPods-WiproExerciseTests.a */ = {isa = PBXFileReference; explicitFileType = archive.ar; includeInIndex = 0; path = "libPods-WiproExerciseTests.a"; sourceTree = BUILT_PRODUCTS_DIR; };
		529EAF1120B138D400C709AF /* WiproExercise.app */ = {isa = PBXFileReference; explicitFileType = wrapper.application; includeInIndex = 0; path = WiproExercise.app; sourceTree = BUILT_PRODUCTS_DIR; };
		529EAF1420B138D400C709AF /* AppDelegate.h */ = {isa = PBXFileReference; lastKnownFileType = sourcecode.c.h; path = AppDelegate.h; sourceTree = "<group>"; };
		529EAF1520B138D400C709AF /* AppDelegate.m */ = {isa = PBXFileReference; lastKnownFileType = sourcecode.c.objc; path = AppDelegate.m; sourceTree = "<group>"; };
		529EAF1B20B138D400C709AF /* Base */ = {isa = PBXFileReference; lastKnownFileType = file.storyboard; name = Base; path = Base.lproj/Main.storyboard; sourceTree = "<group>"; };
		529EAF1D20B138D800C709AF /* Assets.xcassets */ = {isa = PBXFileReference; lastKnownFileType = folder.assetcatalog; path = Assets.xcassets; sourceTree = "<group>"; };
		529EAF2020B138D800C709AF /* Base */ = {isa = PBXFileReference; lastKnownFileType = file.storyboard; name = Base; path = Base.lproj/LaunchScreen.storyboard; sourceTree = "<group>"; };
		529EAF2220B138D800C709AF /* Info.plist */ = {isa = PBXFileReference; lastKnownFileType = text.plist.xml; path = Info.plist; sourceTree = "<group>"; };
		529EAF2320B138D800C709AF /* main.m */ = {isa = PBXFileReference; lastKnownFileType = sourcecode.c.objc; path = main.m; sourceTree = "<group>"; };
		529EAF2920B138D900C709AF /* WiproExerciseTests.xctest */ = {isa = PBXFileReference; explicitFileType = wrapper.cfbundle; includeInIndex = 0; path = WiproExerciseTests.xctest; sourceTree = BUILT_PRODUCTS_DIR; };
		529EAF2D20B138D900C709AF /* WiproExerciseTests.m */ = {isa = PBXFileReference; lastKnownFileType = sourcecode.c.objc; path = WiproExerciseTests.m; sourceTree = "<group>"; };
		529EAF2F20B138D900C709AF /* Info.plist */ = {isa = PBXFileReference; lastKnownFileType = text.plist.xml; path = Info.plist; sourceTree = "<group>"; };
		529EAF3420B138D900C709AF /* WiproExerciseUITests.xctest */ = {isa = PBXFileReference; explicitFileType = wrapper.cfbundle; includeInIndex = 0; path = WiproExerciseUITests.xctest; sourceTree = BUILT_PRODUCTS_DIR; };
		529EAF3820B138D900C709AF /* WiproExerciseUITests.m */ = {isa = PBXFileReference; lastKnownFileType = sourcecode.c.objc; path = WiproExerciseUITests.m; sourceTree = "<group>"; };
		529EAF3A20B138D900C709AF /* Info.plist */ = {isa = PBXFileReference; lastKnownFileType = text.plist.xml; path = Info.plist; sourceTree = "<group>"; };
		52CCA23520B13F840039AC45 /* Row.m */ = {isa = PBXFileReference; fileEncoding = 4; lastKnownFileType = sourcecode.c.objc; path = Row.m; sourceTree = "<group>"; };
		52CCA23620B13F840039AC45 /* Row.h */ = {isa = PBXFileReference; fileEncoding = 4; lastKnownFileType = sourcecode.c.h; path = Row.h; sourceTree = "<group>"; };
		52CCA23920B13FC90039AC45 /* ViewController.h */ = {isa = PBXFileReference; lastKnownFileType = sourcecode.c.h; path = ViewController.h; sourceTree = "<group>"; };
		52CCA23A20B13FC90039AC45 /* ViewController.m */ = {isa = PBXFileReference; lastKnownFileType = sourcecode.c.objc; path = ViewController.m; sourceTree = "<group>"; };
		52E9A1FC20B1407E0039E458 /* Constant.h */ = {isa = PBXFileReference; fileEncoding = 4; lastKnownFileType = sourcecode.c.h; path = Constant.h; sourceTree = "<group>"; };
		52E9A1FE20B141410039E458 /* DataManager.h */ = {isa = PBXFileReference; lastKnownFileType = sourcecode.c.h; path = DataManager.h; sourceTree = "<group>"; };
		52E9A1FF20B141410039E458 /* DataManager.m */ = {isa = PBXFileReference; lastKnownFileType = sourcecode.c.objc; path = DataManager.m; sourceTree = "<group>"; };
		52E9A20120B1414B0039E458 /* ApiManager.h */ = {isa = PBXFileReference; lastKnownFileType = sourcecode.c.h; path = ApiManager.h; sourceTree = "<group>"; };
		52E9A20220B1414B0039E458 /* ApiManager.m */ = {isa = PBXFileReference; lastKnownFileType = sourcecode.c.objc; path = ApiManager.m; sourceTree = "<group>"; };
		52E9A20420B142DB0039E458 /* Feed.h */ = {isa = PBXFileReference; lastKnownFileType = sourcecode.c.h; path = Feed.h; sourceTree = "<group>"; };
		52E9A20520B142DB0039E458 /* Feed.m */ = {isa = PBXFileReference; lastKnownFileType = sourcecode.c.objc; path = Feed.m; sourceTree = "<group>"; };
		52E9A20720B146EC0039E458 /* Error.h */ = {isa = PBXFileReference; lastKnownFileType = sourcecode.c.h; path = Error.h; sourceTree = "<group>"; };
		52E9A20820B146EC0039E458 /* Error.m */ = {isa = PBXFileReference; lastKnownFileType = sourcecode.c.objc; path = Error.m; sourceTree = "<group>"; };
		52E9A20A20B14C0E0039E458 /* ApiCall.h */ = {isa = PBXFileReference; lastKnownFileType = sourcecode.c.h; path = ApiCall.h; sourceTree = "<group>"; };
		52E9A20B20B14C0E0039E458 /* ApiCall.m */ = {isa = PBXFileReference; lastKnownFileType = sourcecode.c.objc; path = ApiCall.m; sourceTree = "<group>"; };
		52E9A21020B16DB60039E458 /* Constant.m */ = {isa = PBXFileReference; fileEncoding = 4; lastKnownFileType = sourcecode.c.objc; path = Constant.m; sourceTree = "<group>"; };
		52E9A21320B171B20039E458 /* FeedCell.h */ = {isa = PBXFileReference; lastKnownFileType = sourcecode.c.h; path = FeedCell.h; sourceTree = "<group>"; };
		52E9A21420B171B20039E458 /* FeedCell.m */ = {isa = PBXFileReference; lastKnownFileType = sourcecode.c.objc; path = FeedCell.m; sourceTree = "<group>"; };
		52E9A21720B19E830039E458 /* FeedView.h */ = {isa = PBXFileReference; lastKnownFileType = sourcecode.c.h; path = FeedView.h; sourceTree = "<group>"; };
		52E9A21820B19E830039E458 /* FeedView.m */ = {isa = PBXFileReference; lastKnownFileType = sourcecode.c.objc; path = FeedView.m; sourceTree = "<group>"; };
		5D453DE506E7882F16996D80 /* Pods-WiproExerciseTests.debug.xcconfig */ = {isa = PBXFileReference; includeInIndex = 1; lastKnownFileType = text.xcconfig; name = "Pods-WiproExerciseTests.debug.xcconfig"; path = "Pods/Target Support Files/Pods-WiproExerciseTests/Pods-WiproExerciseTests.debug.xcconfig"; sourceTree = "<group>"; };
		61513FBEA42F2BAA93C7EA5A /* Pods-WiproExerciseTests.release.xcconfig */ = {isa = PBXFileReference; includeInIndex = 1; lastKnownFileType = text.xcconfig; name = "Pods-WiproExerciseTests.release.xcconfig"; path = "Pods/Target Support Files/Pods-WiproExerciseTests/Pods-WiproExerciseTests.release.xcconfig"; sourceTree = "<group>"; };
		77C1ED2DD2D5B15BEA1F2D29 /* Pods-WiproExerciseUITests.release.xcconfig */ = {isa = PBXFileReference; includeInIndex = 1; lastKnownFileType = text.xcconfig; name = "Pods-WiproExerciseUITests.release.xcconfig"; path = "Pods/Target Support Files/Pods-WiproExerciseUITests/Pods-WiproExerciseUITests.release.xcconfig"; sourceTree = "<group>"; };
		7E53673433A3531A03233016 /* libPods-WiproExerciseUITests.a */ = {isa = PBXFileReference; explicitFileType = archive.ar; includeInIndex = 0; path = "libPods-WiproExerciseUITests.a"; sourceTree = BUILT_PRODUCTS_DIR; };
		845E36CF439A6B9F4962B831 /* Pods-WiproExerciseUITests.debug.xcconfig */ = {isa = PBXFileReference; includeInIndex = 1; lastKnownFileType = text.xcconfig; name = "Pods-WiproExerciseUITests.debug.xcconfig"; path = "Pods/Target Support Files/Pods-WiproExerciseUITests/Pods-WiproExerciseUITests.debug.xcconfig"; sourceTree = "<group>"; };
		8F90343766350D23E401CB2F /* Pods-WiproExercise.debug.xcconfig */ = {isa = PBXFileReference; includeInIndex = 1; lastKnownFileType = text.xcconfig; name = "Pods-WiproExercise.debug.xcconfig"; path = "Pods/Target Support Files/Pods-WiproExercise/Pods-WiproExercise.debug.xcconfig"; sourceTree = "<group>"; };
		E62AB1168430371C65407BE8 /* Pods-WiproExercise.release.xcconfig */ = {isa = PBXFileReference; includeInIndex = 1; lastKnownFileType = text.xcconfig; name = "Pods-WiproExercise.release.xcconfig"; path = "Pods/Target Support Files/Pods-WiproExercise/Pods-WiproExercise.release.xcconfig"; sourceTree = "<group>"; };
		ED43890D8F9D6240ABA05AC7 /* libPods-WiproExercise.a */ = {isa = PBXFileReference; explicitFileType = archive.ar; includeInIndex = 0; path = "libPods-WiproExercise.a"; sourceTree = BUILT_PRODUCTS_DIR; };
/* End PBXFileReference section */

/* Begin PBXFrameworksBuildPhase section */
		529EAF0E20B138D400C709AF /* Frameworks */ = {
			isa = PBXFrameworksBuildPhase;
			buildActionMask = 2147483647;
			files = (
				001AF060810002E992798A2F /* libPods-WiproExercise.a in Frameworks */,
			);
			runOnlyForDeploymentPostprocessing = 0;
		};
		529EAF2620B138D900C709AF /* Frameworks */ = {
			isa = PBXFrameworksBuildPhase;
			buildActionMask = 2147483647;
			files = (
				B50F02E6D284C1DB68F72661 /* libPods-WiproExerciseTests.a in Frameworks */,
			);
			runOnlyForDeploymentPostprocessing = 0;
		};
		529EAF3120B138D900C709AF /* Frameworks */ = {
			isa = PBXFrameworksBuildPhase;
			buildActionMask = 2147483647;
			files = (
				DC15E2D6360DD2E722B8D288 /* libPods-WiproExerciseUITests.a in Frameworks */,
			);
			runOnlyForDeploymentPostprocessing = 0;
		};
/* End PBXFrameworksBuildPhase section */

/* Begin PBXGroup section */
		09C81FEDFCD003718662965C /* Frameworks */ = {
			isa = PBXGroup;
			children = (
				ED43890D8F9D6240ABA05AC7 /* libPods-WiproExercise.a */,
				0DDAD046C844477D9E0171BF /* libPods-WiproExerciseTests.a */,
				7E53673433A3531A03233016 /* libPods-WiproExerciseUITests.a */,
			);
			name = Frameworks;
			sourceTree = "<group>";
		};
		529EAF0820B138D400C709AF = {
			isa = PBXGroup;
			children = (
				529EAF1320B138D400C709AF /* WiproExercise */,
				529EAF2C20B138D900C709AF /* WiproExerciseTests */,
				529EAF3720B138D900C709AF /* WiproExerciseUITests */,
				529EAF1220B138D400C709AF /* Products */,
				B8D261FA754B7F32081AC831 /* Pods */,
				09C81FEDFCD003718662965C /* Frameworks */,
			);
			sourceTree = "<group>";
		};
		529EAF1220B138D400C709AF /* Products */ = {
			isa = PBXGroup;
			children = (
				529EAF1120B138D400C709AF /* WiproExercise.app */,
				529EAF2920B138D900C709AF /* WiproExerciseTests.xctest */,
				529EAF3420B138D900C709AF /* WiproExerciseUITests.xctest */,
			);
			name = Products;
			sourceTree = "<group>";
		};
		529EAF1320B138D400C709AF /* WiproExercise */ = {
			isa = PBXGroup;
			children = (
				52E9A21620B19E760039E458 /* View */,
				52E9A21220B171990039E458 /*  Cells */,
				52E9A1FD20B141110039E458 /* Manager */,
				52E9A1FB20B1407E0039E458 /* Utility */,
				52CCA23820B13FAE0039AC45 /* Controller */,
				52CCA23420B13F840039AC45 /* Model */,
				529EAF1420B138D400C709AF /* AppDelegate.h */,
				529EAF1520B138D400C709AF /* AppDelegate.m */,
				529EAF1A20B138D400C709AF /* Main.storyboard */,
				529EAF1D20B138D800C709AF /* Assets.xcassets */,
				529EAF1F20B138D800C709AF /* LaunchScreen.storyboard */,
				529EAF2220B138D800C709AF /* Info.plist */,
				529EAF2320B138D800C709AF /* main.m */,
			);
			path = WiproExercise;
			sourceTree = "<group>";
		};
		529EAF2C20B138D900C709AF /* WiproExerciseTests */ = {
			isa = PBXGroup;
			children = (
				529EAF2D20B138D900C709AF /* WiproExerciseTests.m */,
				529EAF2F20B138D900C709AF /* Info.plist */,
			);
			path = WiproExerciseTests;
			sourceTree = "<group>";
		};
		529EAF3720B138D900C709AF /* WiproExerciseUITests */ = {
			isa = PBXGroup;
			children = (
				529EAF3820B138D900C709AF /* WiproExerciseUITests.m */,
				529EAF3A20B138D900C709AF /* Info.plist */,
			);
			path = WiproExerciseUITests;
			sourceTree = "<group>";
		};
		52CCA23420B13F840039AC45 /* Model */ = {
			isa = PBXGroup;
			children = (
				52CCA23520B13F840039AC45 /* Row.m */,
				52CCA23620B13F840039AC45 /* Row.h */,
				52E9A20420B142DB0039E458 /* Feed.h */,
				52E9A20520B142DB0039E458 /* Feed.m */,
				52E9A20720B146EC0039E458 /* Error.h */,
				52E9A20820B146EC0039E458 /* Error.m */,
			);
			path = Model;
			sourceTree = "<group>";
		};
		52CCA23820B13FAE0039AC45 /* Controller */ = {
			isa = PBXGroup;
			children = (
				52CCA23920B13FC90039AC45 /* ViewController.h */,
				52CCA23A20B13FC90039AC45 /* ViewController.m */,
			);
			path = Controller;
			sourceTree = "<group>";
		};
		52E9A1FB20B1407E0039E458 /* Utility */ = {
			isa = PBXGroup;
			children = (
				52E9A21020B16DB60039E458 /* Constant.m */,
				52E9A1FC20B1407E0039E458 /* Constant.h */,
				52E9A20A20B14C0E0039E458 /* ApiCall.h */,
				52E9A20B20B14C0E0039E458 /* ApiCall.m */,
			);
			path = Utility;
			sourceTree = "<group>";
		};
		52E9A1FD20B141110039E458 /* Manager */ = {
			isa = PBXGroup;
			children = (
				52E9A1FE20B141410039E458 /* DataManager.h */,
				52E9A1FF20B141410039E458 /* DataManager.m */,
				52E9A20120B1414B0039E458 /* ApiManager.h */,
				52E9A20220B1414B0039E458 /* ApiManager.m */,
			);
			path = Manager;
			sourceTree = "<group>";
		};
		52E9A21220B171990039E458 /*  Cells */ = {
			isa = PBXGroup;
			children = (
				52E9A21320B171B20039E458 /* FeedCell.h */,
				52E9A21420B171B20039E458 /* FeedCell.m */,
			);
			path = " Cells";
			sourceTree = "<group>";
		};
		52E9A21620B19E760039E458 /* View */ = {
			isa = PBXGroup;
			children = (
				52E9A21720B19E830039E458 /* FeedView.h */,
				52E9A21820B19E830039E458 /* FeedView.m */,
			);
			path = View;
			sourceTree = "<group>";
		};
		B8D261FA754B7F32081AC831 /* Pods */ = {
			isa = PBXGroup;
			children = (
				8F90343766350D23E401CB2F /* Pods-WiproExercise.debug.xcconfig */,
				E62AB1168430371C65407BE8 /* Pods-WiproExercise.release.xcconfig */,
				5D453DE506E7882F16996D80 /* Pods-WiproExerciseTests.debug.xcconfig */,
				61513FBEA42F2BAA93C7EA5A /* Pods-WiproExerciseTests.release.xcconfig */,
				845E36CF439A6B9F4962B831 /* Pods-WiproExerciseUITests.debug.xcconfig */,
				77C1ED2DD2D5B15BEA1F2D29 /* Pods-WiproExerciseUITests.release.xcconfig */,
			);
			name = Pods;
			sourceTree = "<group>";
		};
/* End PBXGroup section */

/* Begin PBXNativeTarget section */
		529EAF1020B138D400C709AF /* WiproExercise */ = {
			isa = PBXNativeTarget;
			buildConfigurationList = 529EAF3D20B138D900C709AF /* Build configuration list for PBXNativeTarget "WiproExercise" */;
			buildPhases = (
				7EF5D9153A7996FB0F38B7D2 /* [CP] Check Pods Manifest.lock */,
				529EAF0D20B138D400C709AF /* Sources */,
				529EAF0E20B138D400C709AF /* Frameworks */,
				529EAF0F20B138D400C709AF /* Resources */,
				1C3676DA18EE2BEEE6F947C0 /* [CP] Embed Pods Frameworks */,
				74A9BC6E3CA224E0BE6368EA /* [CP] Copy Pods Resources */,
			);
			buildRules = (
			);
			dependencies = (
			);
			name = WiproExercise;
			productName = WiproExercise;
			productReference = 529EAF1120B138D400C709AF /* WiproExercise.app */;
			productType = "com.apple.product-type.application";
		};
		529EAF2820B138D900C709AF /* WiproExerciseTests */ = {
			isa = PBXNativeTarget;
			buildConfigurationList = 529EAF4020B138D900C709AF /* Build configuration list for PBXNativeTarget "WiproExerciseTests" */;
			buildPhases = (
				8FAA676101EAFF881BFB7F35 /* [CP] Check Pods Manifest.lock */,
				529EAF2520B138D900C709AF /* Sources */,
				529EAF2620B138D900C709AF /* Frameworks */,
				529EAF2720B138D900C709AF /* Resources */,
				F7A67042ADCF3D7E77CFFF29 /* [CP] Embed Pods Frameworks */,
				8CBABDE450241CE6C6CDCDE5 /* [CP] Copy Pods Resources */,
			);
			buildRules = (
			);
			dependencies = (
				529EAF2B20B138D900C709AF /* PBXTargetDependency */,
			);
			name = WiproExerciseTests;
			productName = WiproExerciseTests;
			productReference = 529EAF2920B138D900C709AF /* WiproExerciseTests.xctest */;
			productType = "com.apple.product-type.bundle.unit-test";
		};
		529EAF3320B138D900C709AF /* WiproExerciseUITests */ = {
			isa = PBXNativeTarget;
			buildConfigurationList = 529EAF4320B138D900C709AF /* Build configuration list for PBXNativeTarget "WiproExerciseUITests" */;
			buildPhases = (
				EF9796B93F7B29F6E5D38574 /* [CP] Check Pods Manifest.lock */,
				529EAF3020B138D900C709AF /* Sources */,
				529EAF3120B138D900C709AF /* Frameworks */,
				529EAF3220B138D900C709AF /* Resources */,
				CA8A761A77F1B40B26EF4334 /* [CP] Embed Pods Frameworks */,
				5D429F1FFB5AFB32328DA7F5 /* [CP] Copy Pods Resources */,
			);
			buildRules = (
			);
			dependencies = (
				529EAF3620B138D900C709AF /* PBXTargetDependency */,
			);
			name = WiproExerciseUITests;
			productName = WiproExerciseUITests;
			productReference = 529EAF3420B138D900C709AF /* WiproExerciseUITests.xctest */;
			productType = "com.apple.product-type.bundle.ui-testing";
		};
/* End PBXNativeTarget section */

/* Begin PBXProject section */
		529EAF0920B138D400C709AF /* Project object */ = {
			isa = PBXProject;
			attributes = {
				LastUpgradeCheck = 0930;
				ORGANIZATIONNAME = test;
				TargetAttributes = {
					529EAF1020B138D400C709AF = {
						CreatedOnToolsVersion = 9.3;
					};
					529EAF2820B138D900C709AF = {
						CreatedOnToolsVersion = 9.3;
						TestTargetID = 529EAF1020B138D400C709AF;
					};
					529EAF3320B138D900C709AF = {
						CreatedOnToolsVersion = 9.3;
						TestTargetID = 529EAF1020B138D400C709AF;
					};
				};
			};
			buildConfigurationList = 529EAF0C20B138D400C709AF /* Build configuration list for PBXProject "WiproExercise" */;
			compatibilityVersion = "Xcode 9.3";
			developmentRegion = en;
			hasScannedForEncodings = 0;
			knownRegions = (
				en,
				Base,
			);
			mainGroup = 529EAF0820B138D400C709AF;
			productRefGroup = 529EAF1220B138D400C709AF /* Products */;
			projectDirPath = "";
			projectRoot = "";
			targets = (
				529EAF1020B138D400C709AF /* WiproExercise */,
				529EAF2820B138D900C709AF /* WiproExerciseTests */,
				529EAF3320B138D900C709AF /* WiproExerciseUITests */,
			);
		};
/* End PBXProject section */

/* Begin PBXResourcesBuildPhase section */
		529EAF0F20B138D400C709AF /* Resources */ = {
			isa = PBXResourcesBuildPhase;
			buildActionMask = 2147483647;
			files = (
				529EAF2120B138D800C709AF /* LaunchScreen.storyboard in Resources */,
				529EAF1E20B138D800C709AF /* Assets.xcassets in Resources */,
				529EAF1C20B138D400C709AF /* Main.storyboard in Resources */,
			);
			runOnlyForDeploymentPostprocessing = 0;
		};
		529EAF2720B138D900C709AF /* Resources */ = {
			isa = PBXResourcesBuildPhase;
			buildActionMask = 2147483647;
			files = (
			);
			runOnlyForDeploymentPostprocessing = 0;
		};
		529EAF3220B138D900C709AF /* Resources */ = {
			isa = PBXResourcesBuildPhase;
			buildActionMask = 2147483647;
			files = (
			);
			runOnlyForDeploymentPostprocessing = 0;
		};
/* End PBXResourcesBuildPhase section */

/* Begin PBXShellScriptBuildPhase section */
		1C3676DA18EE2BEEE6F947C0 /* [CP] Embed Pods Frameworks */ = {
			isa = PBXShellScriptBuildPhase;
			buildActionMask = 2147483647;
			files = (
			);
			inputPaths = (
			);
			name = "[CP] Embed Pods Frameworks";
			outputPaths = (
			);
			runOnlyForDeploymentPostprocessing = 0;
			shellPath = /bin/sh;
			shellScript = "\"${SRCROOT}/Pods/Target Support Files/Pods-WiproExercise/Pods-WiproExercise-frameworks.sh\"\n";
			showEnvVarsInLog = 0;
		};
		5D429F1FFB5AFB32328DA7F5 /* [CP] Copy Pods Resources */ = {
			isa = PBXShellScriptBuildPhase;
			buildActionMask = 2147483647;
			files = (
			);
			inputPaths = (
			);
			name = "[CP] Copy Pods Resources";
			outputPaths = (
			);
			runOnlyForDeploymentPostprocessing = 0;
			shellPath = /bin/sh;
			shellScript = "\"${SRCROOT}/Pods/Target Support Files/Pods-WiproExerciseUITests/Pods-WiproExerciseUITests-resources.sh\"\n";
			showEnvVarsInLog = 0;
		};
		74A9BC6E3CA224E0BE6368EA /* [CP] Copy Pods Resources */ = {
			isa = PBXShellScriptBuildPhase;
			buildActionMask = 2147483647;
			files = (
			);
			inputPaths = (
				"${SRCROOT}/Pods/Target Support Files/Pods-WiproExercise/Pods-WiproExercise-resources.sh",
				"${PODS_ROOT}/SVProgressHUD/SVProgressHUD/SVProgressHUD.bundle",
			);
			name = "[CP] Copy Pods Resources";
			outputPaths = (
				"${TARGET_BUILD_DIR}/${UNLOCALIZED_RESOURCES_FOLDER_PATH}",
			);
			runOnlyForDeploymentPostprocessing = 0;
			shellPath = /bin/sh;
			shellScript = "\"${SRCROOT}/Pods/Target Support Files/Pods-WiproExercise/Pods-WiproExercise-resources.sh\"\n";
			showEnvVarsInLog = 0;
		};
		7EF5D9153A7996FB0F38B7D2 /* [CP] Check Pods Manifest.lock */ = {
			isa = PBXShellScriptBuildPhase;
			buildActionMask = 2147483647;
			files = (
			);
			inputPaths = (
				"${PODS_PODFILE_DIR_PATH}/Podfile.lock",
				"${PODS_ROOT}/Manifest.lock",
			);
			name = "[CP] Check Pods Manifest.lock";
			outputPaths = (
				"$(DERIVED_FILE_DIR)/Pods-WiproExercise-checkManifestLockResult.txt",
			);
			runOnlyForDeploymentPostprocessing = 0;
			shellPath = /bin/sh;
			shellScript = "diff \"${PODS_PODFILE_DIR_PATH}/Podfile.lock\" \"${PODS_ROOT}/Manifest.lock\" > /dev/null\nif [ $? != 0 ] ; then\n    # print error to STDERR\n    echo \"error: The sandbox is not in sync with the Podfile.lock. Run 'pod install' or update your CocoaPods installation.\" >&2\n    exit 1\nfi\n# This output is used by Xcode 'outputs' to avoid re-running this script phase.\necho \"SUCCESS\" > \"${SCRIPT_OUTPUT_FILE_0}\"\n";
			showEnvVarsInLog = 0;
		};
		8CBABDE450241CE6C6CDCDE5 /* [CP] Copy Pods Resources */ = {
			isa = PBXShellScriptBuildPhase;
			buildActionMask = 2147483647;
			files = (
			);
			inputPaths = (
			);
			name = "[CP] Copy Pods Resources";
			outputPaths = (
			);
			runOnlyForDeploymentPostprocessing = 0;
			shellPath = /bin/sh;
			shellScript = "\"${SRCROOT}/Pods/Target Support Files/Pods-WiproExerciseTests/Pods-WiproExerciseTests-resources.sh\"\n";
			showEnvVarsInLog = 0;
		};
		8FAA676101EAFF881BFB7F35 /* [CP] Check Pods Manifest.lock */ = {
			isa = PBXShellScriptBuildPhase;
			buildActionMask = 2147483647;
			files = (
			);
			inputPaths = (
				"${PODS_PODFILE_DIR_PATH}/Podfile.lock",
				"${PODS_ROOT}/Manifest.lock",
			);
			name = "[CP] Check Pods Manifest.lock";
			outputPaths = (
				"$(DERIVED_FILE_DIR)/Pods-WiproExerciseTests-checkManifestLockResult.txt",
			);
			runOnlyForDeploymentPostprocessing = 0;
			shellPath = /bin/sh;
			shellScript = "diff \"${PODS_PODFILE_DIR_PATH}/Podfile.lock\" \"${PODS_ROOT}/Manifest.lock\" > /dev/null\nif [ $? != 0 ] ; then\n    # print error to STDERR\n    echo \"error: The sandbox is not in sync with the Podfile.lock. Run 'pod install' or update your CocoaPods installation.\" >&2\n    exit 1\nfi\n# This output is used by Xcode 'outputs' to avoid re-running this script phase.\necho \"SUCCESS\" > \"${SCRIPT_OUTPUT_FILE_0}\"\n";
			showEnvVarsInLog = 0;
		};
		CA8A761A77F1B40B26EF4334 /* [CP] Embed Pods Frameworks */ = {
			isa = PBXShellScriptBuildPhase;
			buildActionMask = 2147483647;
			files = (
			);
			inputPaths = (
			);
			name = "[CP] Embed Pods Frameworks";
			outputPaths = (
			);
			runOnlyForDeploymentPostprocessing = 0;
			shellPath = /bin/sh;
			shellScript = "\"${SRCROOT}/Pods/Target Support Files/Pods-WiproExerciseUITests/Pods-WiproExerciseUITests-frameworks.sh\"\n";
			showEnvVarsInLog = 0;
		};
		EF9796B93F7B29F6E5D38574 /* [CP] Check Pods Manifest.lock */ = {
			isa = PBXShellScriptBuildPhase;
			buildActionMask = 2147483647;
			files = (
			);
			inputPaths = (
				"${PODS_PODFILE_DIR_PATH}/Podfile.lock",
				"${PODS_ROOT}/Manifest.lock",
			);
			name = "[CP] Check Pods Manifest.lock";
			outputPaths = (
				"$(DERIVED_FILE_DIR)/Pods-WiproExerciseUITests-checkManifestLockResult.txt",
			);
			runOnlyForDeploymentPostprocessing = 0;
			shellPath = /bin/sh;
			shellScript = "diff \"${PODS_PODFILE_DIR_PATH}/Podfile.lock\" \"${PODS_ROOT}/Manifest.lock\" > /dev/null\nif [ $? != 0 ] ; then\n    # print error to STDERR\n    echo \"error: The sandbox is not in sync with the Podfile.lock. Run 'pod install' or update your CocoaPods installation.\" >&2\n    exit 1\nfi\n# This output is used by Xcode 'outputs' to avoid re-running this script phase.\necho \"SUCCESS\" > \"${SCRIPT_OUTPUT_FILE_0}\"\n";
			showEnvVarsInLog = 0;
		};
		F7A67042ADCF3D7E77CFFF29 /* [CP] Embed Pods Frameworks */ = {
			isa = PBXShellScriptBuildPhase;
			buildActionMask = 2147483647;
			files = (
			);
			inputPaths = (
			);
			name = "[CP] Embed Pods Frameworks";
			outputPaths = (
			);
			runOnlyForDeploymentPostprocessing = 0;
			shellPath = /bin/sh;
			shellScript = "\"${SRCROOT}/Pods/Target Support Files/Pods-WiproExerciseTests/Pods-WiproExerciseTests-frameworks.sh\"\n";
			showEnvVarsInLog = 0;
		};
/* End PBXShellScriptBuildPhase section */

/* Begin PBXSourcesBuildPhase section */
		529EAF0D20B138D400C709AF /* Sources */ = {
			isa = PBXSourcesBuildPhase;
			buildActionMask = 2147483647;
			files = (
				52E9A21920B19E830039E458 /* FeedView.m in Sources */,
				52E9A20C20B14C0E0039E458 /* ApiCall.m in Sources */,
				529EAF2420B138D800C709AF /* main.m in Sources */,
				529EAF1620B138D400C709AF /* AppDelegate.m in Sources */,
				52E9A21520B171B20039E458 /* FeedCell.m in Sources */,
				52E9A21120B16DB60039E458 /* Constant.m in Sources */,
				52E9A20320B1414B0039E458 /* ApiManager.m in Sources */,
				52CCA23B20B13FC90039AC45 /* ViewController.m in Sources */,
				52E9A20920B146EC0039E458 /* Error.m in Sources */,
				52CCA23720B13F840039AC45 /* Row.m in Sources */,
				52E9A20020B141410039E458 /* DataManager.m in Sources */,
				52E9A20620B142DB0039E458 /* Feed.m in Sources */,
			);
			runOnlyForDeploymentPostprocessing = 0;
		};
		529EAF2520B138D900C709AF /* Sources */ = {
			isa = PBXSourcesBuildPhase;
			buildActionMask = 2147483647;
			files = (
				529EAF2E20B138D900C709AF /* WiproExerciseTests.m in Sources */,
			);
			runOnlyForDeploymentPostprocessing = 0;
		};
		529EAF3020B138D900C709AF /* Sources */ = {
			isa = PBXSourcesBuildPhase;
			buildActionMask = 2147483647;
			files = (
				529EAF3920B138D900C709AF /* WiproExerciseUITests.m in Sources */,
			);
			runOnlyForDeploymentPostprocessing = 0;
		};
/* End PBXSourcesBuildPhase section */

/* Begin PBXTargetDependency section */
		529EAF2B20B138D900C709AF /* PBXTargetDependency */ = {
			isa = PBXTargetDependency;
			target = 529EAF1020B138D400C709AF /* WiproExercise */;
			targetProxy = 529EAF2A20B138D900C709AF /* PBXContainerItemProxy */;
		};
		529EAF3620B138D900C709AF /* PBXTargetDependency */ = {
			isa = PBXTargetDependency;
			target = 529EAF1020B138D400C709AF /* WiproExercise */;
			targetProxy = 529EAF3520B138D900C709AF /* PBXContainerItemProxy */;
		};
/* End PBXTargetDependency section */

/* Begin PBXVariantGroup section */
		529EAF1A20B138D400C709AF /* Main.storyboard */ = {
			isa = PBXVariantGroup;
			children = (
				529EAF1B20B138D400C709AF /* Base */,
			);
			name = Main.storyboard;
			sourceTree = "<group>";
		};
		529EAF1F20B138D800C709AF /* LaunchScreen.storyboard */ = {
			isa = PBXVariantGroup;
			children = (
				529EAF2020B138D800C709AF /* Base */,
			);
			name = LaunchScreen.storyboard;
			sourceTree = "<group>";
		};
/* End PBXVariantGroup section */

/* Begin XCBuildConfiguration section */
		529EAF3B20B138D900C709AF /* Debug */ = {
			isa = XCBuildConfiguration;
			buildSettings = {
				ALWAYS_SEARCH_USER_PATHS = NO;
				CLANG_ANALYZER_NONNULL = YES;
				CLANG_ANALYZER_NUMBER_OBJECT_CONVERSION = YES_AGGRESSIVE;
				CLANG_CXX_LANGUAGE_STANDARD = "gnu++14";
				CLANG_CXX_LIBRARY = "libc++";
				CLANG_ENABLE_MODULES = YES;
				CLANG_ENABLE_OBJC_ARC = YES;
				CLANG_ENABLE_OBJC_WEAK = YES;
				CLANG_WARN_BLOCK_CAPTURE_AUTORELEASING = YES;
				CLANG_WARN_BOOL_CONVERSION = YES;
				CLANG_WARN_COMMA = YES;
				CLANG_WARN_CONSTANT_CONVERSION = YES;
				CLANG_WARN_DEPRECATED_OBJC_IMPLEMENTATIONS = YES;
				CLANG_WARN_DIRECT_OBJC_ISA_USAGE = YES_ERROR;
				CLANG_WARN_DOCUMENTATION_COMMENTS = YES;
				CLANG_WARN_EMPTY_BODY = YES;
				CLANG_WARN_ENUM_CONVERSION = YES;
				CLANG_WARN_INFINITE_RECURSION = YES;
				CLANG_WARN_INT_CONVERSION = YES;
				CLANG_WARN_NON_LITERAL_NULL_CONVERSION = YES;
				CLANG_WARN_OBJC_IMPLICIT_RETAIN_SELF = YES;
				CLANG_WARN_OBJC_LITERAL_CONVERSION = YES;
				CLANG_WARN_OBJC_ROOT_CLASS = YES_ERROR;
				CLANG_WARN_RANGE_LOOP_ANALYSIS = YES;
				CLANG_WARN_STRICT_PROTOTYPES = YES;
				CLANG_WARN_SUSPICIOUS_MOVE = YES;
				CLANG_WARN_UNGUARDED_AVAILABILITY = YES_AGGRESSIVE;
				CLANG_WARN_UNREACHABLE_CODE = YES;
				CLANG_WARN__DUPLICATE_METHOD_MATCH = YES;
				CODE_SIGN_IDENTITY = "iPhone Developer";
				COPY_PHASE_STRIP = NO;
				DEBUG_INFORMATION_FORMAT = dwarf;
				ENABLE_STRICT_OBJC_MSGSEND = YES;
				ENABLE_TESTABILITY = YES;
				GCC_C_LANGUAGE_STANDARD = gnu11;
				GCC_DYNAMIC_NO_PIC = NO;
				GCC_NO_COMMON_BLOCKS = YES;
				GCC_OPTIMIZATION_LEVEL = 0;
				GCC_PREPROCESSOR_DEFINITIONS = (
					"DEBUG=1",
					"$(inherited)",
				);
				GCC_WARN_64_TO_32_BIT_CONVERSION = YES;
				GCC_WARN_ABOUT_RETURN_TYPE = YES_ERROR;
				GCC_WARN_UNDECLARED_SELECTOR = YES;
				GCC_WARN_UNINITIALIZED_AUTOS = YES_AGGRESSIVE;
				GCC_WARN_UNUSED_FUNCTION = YES;
				GCC_WARN_UNUSED_VARIABLE = YES;
				IPHONEOS_DEPLOYMENT_TARGET = 11.3;
				MTL_ENABLE_DEBUG_INFO = YES;
				ONLY_ACTIVE_ARCH = YES;
				SDKROOT = iphoneos;
			};
			name = Debug;
		};
		529EAF3C20B138D900C709AF /* Release */ = {
			isa = XCBuildConfiguration;
			buildSettings = {
				ALWAYS_SEARCH_USER_PATHS = NO;
				CLANG_ANALYZER_NONNULL = YES;
				CLANG_ANALYZER_NUMBER_OBJECT_CONVERSION = YES_AGGRESSIVE;
				CLANG_CXX_LANGUAGE_STANDARD = "gnu++14";
				CLANG_CXX_LIBRARY = "libc++";
				CLANG_ENABLE_MODULES = YES;
				CLANG_ENABLE_OBJC_ARC = YES;
				CLANG_ENABLE_OBJC_WEAK = YES;
				CLANG_WARN_BLOCK_CAPTURE_AUTORELEASING = YES;
				CLANG_WARN_BOOL_CONVERSION = YES;
				CLANG_WARN_COMMA = YES;
				CLANG_WARN_CONSTANT_CONVERSION = YES;
				CLANG_WARN_DEPRECATED_OBJC_IMPLEMENTATIONS = YES;
				CLANG_WARN_DIRECT_OBJC_ISA_USAGE = YES_ERROR;
				CLANG_WARN_DOCUMENTATION_COMMENTS = YES;
				CLANG_WARN_EMPTY_BODY = YES;
				CLANG_WARN_ENUM_CONVERSION = YES;
				CLANG_WARN_INFINITE_RECURSION = YES;
				CLANG_WARN_INT_CONVERSION = YES;
				CLANG_WARN_NON_LITERAL_NULL_CONVERSION = YES;
				CLANG_WARN_OBJC_IMPLICIT_RETAIN_SELF = YES;
				CLANG_WARN_OBJC_LITERAL_CONVERSION = YES;
				CLANG_WARN_OBJC_ROOT_CLASS = YES_ERROR;
				CLANG_WARN_RANGE_LOOP_ANALYSIS = YES;
				CLANG_WARN_STRICT_PROTOTYPES = YES;
				CLANG_WARN_SUSPICIOUS_MOVE = YES;
				CLANG_WARN_UNGUARDED_AVAILABILITY = YES_AGGRESSIVE;
				CLANG_WARN_UNREACHABLE_CODE = YES;
				CLANG_WARN__DUPLICATE_METHOD_MATCH = YES;
				CODE_SIGN_IDENTITY = "iPhone Developer";
				COPY_PHASE_STRIP = NO;
				DEBUG_INFORMATION_FORMAT = "dwarf-with-dsym";
				ENABLE_NS_ASSERTIONS = NO;
				ENABLE_STRICT_OBJC_MSGSEND = YES;
				GCC_C_LANGUAGE_STANDARD = gnu11;
				GCC_NO_COMMON_BLOCKS = YES;
				GCC_WARN_64_TO_32_BIT_CONVERSION = YES;
				GCC_WARN_ABOUT_RETURN_TYPE = YES_ERROR;
				GCC_WARN_UNDECLARED_SELECTOR = YES;
				GCC_WARN_UNINITIALIZED_AUTOS = YES_AGGRESSIVE;
				GCC_WARN_UNUSED_FUNCTION = YES;
				GCC_WARN_UNUSED_VARIABLE = YES;
				IPHONEOS_DEPLOYMENT_TARGET = 11.3;
				MTL_ENABLE_DEBUG_INFO = NO;
				SDKROOT = iphoneos;
				VALIDATE_PRODUCT = YES;
			};
			name = Release;
		};
		529EAF3E20B138D900C709AF /* Debug */ = {
			isa = XCBuildConfiguration;
			baseConfigurationReference = 8F90343766350D23E401CB2F /* Pods-WiproExercise.debug.xcconfig */;
			buildSettings = {
				ASSETCATALOG_COMPILER_APPICON_NAME = AppIcon;
				CODE_SIGN_STYLE = Manual;
				DEVELOPMENT_TEAM = "";
				INFOPLIST_FILE = WiproExercise/Info.plist;
				IPHONEOS_DEPLOYMENT_TARGET = 8.0;
				LD_RUNPATH_SEARCH_PATHS = (
					"$(inherited)",
					"@executable_path/Frameworks",
				);
				PRODUCT_BUNDLE_IDENTIFIER = Test.WiproExercise;
				PRODUCT_NAME = "$(TARGET_NAME)";
				PROVISIONING_PROFILE_SPECIFIER = "";
				TARGETED_DEVICE_FAMILY = "1,2";
			};
			name = Debug;
		};
		529EAF3F20B138D900C709AF /* Release */ = {
			isa = XCBuildConfiguration;
			baseConfigurationReference = E62AB1168430371C65407BE8 /* Pods-WiproExercise.release.xcconfig */;
			buildSettings = {
				ASSETCATALOG_COMPILER_APPICON_NAME = AppIcon;
				CODE_SIGN_STYLE = Manual;
				DEVELOPMENT_TEAM = "";
				INFOPLIST_FILE = WiproExercise/Info.plist;
				IPHONEOS_DEPLOYMENT_TARGET = 8.0;
				LD_RUNPATH_SEARCH_PATHS = (
					"$(inherited)",
					"@executable_path/Frameworks",
				);
				PRODUCT_BUNDLE_IDENTIFIER = Test.WiproExercise;
				PRODUCT_NAME = "$(TARGET_NAME)";
				PROVISIONING_PROFILE_SPECIFIER = "";
				TARGETED_DEVICE_FAMILY = "1,2";
			};
			name = Release;
		};
		529EAF4120B138D900C709AF /* Debug */ = {
			isa = XCBuildConfiguration;
			baseConfigurationReference = 5D453DE506E7882F16996D80 /* Pods-WiproExerciseTests.debug.xcconfig */;
			buildSettings = {
				BUNDLE_LOADER = "$(TEST_HOST)";
				CODE_SIGN_STYLE = Automatic;
				INFOPLIST_FILE = WiproExerciseTests/Info.plist;
				LD_RUNPATH_SEARCH_PATHS = (
					"$(inherited)",
					"@executable_path/Frameworks",
					"@loader_path/Frameworks",
				);
				PRODUCT_BUNDLE_IDENTIFIER = Test.WiproExerciseTests;
				PRODUCT_NAME = "$(TARGET_NAME)";
				TARGETED_DEVICE_FAMILY = "1,2";
				TEST_HOST = "$(BUILT_PRODUCTS_DIR)/WiproExercise.app/WiproExercise";
			};
			name = Debug;
		};
		529EAF4220B138D900C709AF /* Release */ = {
			isa = XCBuildConfiguration;
			baseConfigurationReference = 61513FBEA42F2BAA93C7EA5A /* Pods-WiproExerciseTests.release.xcconfig */;
			buildSettings = {
				BUNDLE_LOADER = "$(TEST_HOST)";
				CODE_SIGN_STYLE = Automatic;
				INFOPLIST_FILE = WiproExerciseTests/Info.plist;
				LD_RUNPATH_SEARCH_PATHS = (
					"$(inherited)",
					"@executable_path/Frameworks",
					"@loader_path/Frameworks",
				);
				PRODUCT_BUNDLE_IDENTIFIER = Test.WiproExerciseTests;
				PRODUCT_NAME = "$(TARGET_NAME)";
				TARGETED_DEVICE_FAMILY = "1,2";
				TEST_HOST = "$(BUILT_PRODUCTS_DIR)/WiproExercise.app/WiproExercise";
			};
			name = Release;
		};
		529EAF4420B138D900C709AF /* Debug */ = {
			isa = XCBuildConfiguration;
			baseConfigurationReference = 845E36CF439A6B9F4962B831 /* Pods-WiproExerciseUITests.debug.xcconfig */;
			buildSettings = {
				CODE_SIGN_STYLE = Automatic;
				INFOPLIST_FILE = WiproExerciseUITests/Info.plist;
				LD_RUNPATH_SEARCH_PATHS = (
					"$(inherited)",
					"@executable_path/Frameworks",
					"@loader_path/Frameworks",
				);
				PRODUCT_BUNDLE_IDENTIFIER = Test.WiproExerciseUITests;
				PRODUCT_NAME = "$(TARGET_NAME)";
				TARGETED_DEVICE_FAMILY = "1,2";
				TEST_TARGET_NAME = WiproExercise;
			};
			name = Debug;
		};
		529EAF4520B138D900C709AF /* Release */ = {
			isa = XCBuildConfiguration;
			baseConfigurationReference = 77C1ED2DD2D5B15BEA1F2D29 /* Pods-WiproExerciseUITests.release.xcconfig */;
			buildSettings = {
				CODE_SIGN_STYLE = Automatic;
				INFOPLIST_FILE = WiproExerciseUITests/Info.plist;
				LD_RUNPATH_SEARCH_PATHS = (
					"$(inherited)",
					"@executable_path/Frameworks",
					"@loader_path/Frameworks",
				);
				PRODUCT_BUNDLE_IDENTIFIER = Test.WiproExerciseUITests;
				PRODUCT_NAME = "$(TARGET_NAME)";
				TARGETED_DEVICE_FAMILY = "1,2";
				TEST_TARGET_NAME = WiproExercise;
			};
			name = Release;
		};
/* End XCBuildConfiguration section */

/* Begin XCConfigurationList section */
		529EAF0C20B138D400C709AF /* Build configuration list for PBXProject "WiproExercise" */ = {
			isa = XCConfigurationList;
			buildConfigurations = (
				529EAF3B20B138D900C709AF /* Debug */,
				529EAF3C20B138D900C709AF /* Release */,
			);
			defaultConfigurationIsVisible = 0;
			defaultConfigurationName = Release;
		};
		529EAF3D20B138D900C709AF /* Build configuration list for PBXNativeTarget "WiproExercise" */ = {
			isa = XCConfigurationList;
			buildConfigurations = (
				529EAF3E20B138D900C709AF /* Debug */,
				529EAF3F20B138D900C709AF /* Release */,
			);
			defaultConfigurationIsVisible = 0;
			defaultConfigurationName = Release;
		};
		529EAF4020B138D900C709AF /* Build configuration list for PBXNativeTarget "WiproExerciseTests" */ = {
			isa = XCConfigurationList;
			buildConfigurations = (
				529EAF4120B138D900C709AF /* Debug */,
				529EAF4220B138D900C709AF /* Release */,
			);
			defaultConfigurationIsVisible = 0;
			defaultConfigurationName = Release;
		};
		529EAF4320B138D900C709AF /* Build configuration list for PBXNativeTarget "WiproExerciseUITests" */ = {
			isa = XCConfigurationList;
			buildConfigurations = (
				529EAF4420B138D900C709AF /* Debug */,
				529EAF4520B138D900C709AF /* Release */,
			);
			defaultConfigurationIsVisible = 0;
			defaultConfigurationName = Release;
		};
/* End XCConfigurationList section */
	};
	rootObject = 529EAF0920B138D400C709AF /* Project object */;
}
